// !$*UTF8*$!
{
	archiveVersion = 1;
	classes = {
	};
	objectVersion = 46;
	objects = {

/* Begin PBXBuildFile section */
		9C6D160C1B769EC200F07C23 /* main.m in Sources */ = {isa = PBXBuildFile; fileRef = 9C6D160B1B769EC200F07C23 /* main.m */; };
		9C6D160F1B769EC200F07C23 /* AppDelegate.m in Sources */ = {isa = PBXBuildFile; fileRef = 9C6D160E1B769EC200F07C23 /* AppDelegate.m */; };
		9C6D16121B769EC200F07C23 /* ViewController.m in Sources */ = {isa = PBXBuildFile; fileRef = 9C6D16111B769EC200F07C23 /* ViewController.m */; };
		9C6D16151B769EC200F07C23 /* Main.storyboard in Resources */ = {isa = PBXBuildFile; fileRef = 9C6D16131B769EC200F07C23 /* Main.storyboard */; };
		9C6D16171B769EC200F07C23 /* Assets.xcassets in Resources */ = {isa = PBXBuildFile; fileRef = 9C6D16161B769EC200F07C23 /* Assets.xcassets */; };
		9C6D161A1B769EC200F07C23 /* LaunchScreen.storyboard in Resources */ = {isa = PBXBuildFile; fileRef = 9C6D16181B769EC200F07C23 /* LaunchScreen.storyboard */; };
/* End PBXBuildFile section */

/* Begin PBXFileReference section */
		9C6D16071B769EC200F07C23 /* Capture.app */ = {isa = PBXFileReference; explicitFileType = wrapper.application; includeInIndex = 0; path = Capture.app; sourceTree = BUILT_PRODUCTS_DIR; };
		9C6D160B1B769EC200F07C23 /* main.m */ = {isa = PBXFileReference; lastKnownFileType = sourcecode.c.objc; path = main.m; sourceTree = "<group>"; };
		9C6D160D1B769EC200F07C23 /* AppDelegate.h */ = {isa = PBXFileReference; lastKnownFileType = sourcecode.c.h; path = AppDelegate.h; sourceTree = "<group>"; };
		9C6D160E1B769EC200F07C23 /* AppDelegate.m */ = {isa = PBXFileReference; lastKnownFileType = sourcecode.c.objc; path = AppDelegate.m; sourceTree = "<group>"; };
		9C6D16101B769EC200F07C23 /* ViewController.h */ = {isa = PBXFileReference; lastKnownFileType = sourcecode.c.h; path = ViewController.h; sourceTree = "<group>"; };
		9C6D16111B769EC200F07C23 /* ViewController.m */ = {isa = PBXFileReference; lastKnownFileType = sourcecode.c.objc; path = ViewController.m; sourceTree = "<group>"; };
		9C6D16141B769EC200F07C23 /* Base */ = {isa = PBXFileReference; lastKnownFileType = file.storyboard; name = Base; path = Base.lproj/Main.storyboard; sourceTree = "<group>"; };
		9C6D16161B769EC200F07C23 /* Assets.xcassets */ = {isa = PBXFileReference; lastKnownFileType = folder.assetcatalog; path = Assets.xcassets; sourceTree = "<group>"; };
		9C6D16191B769EC200F07C23 /* Base */ = {isa = PBXFileReference; lastKnownFileType = file.storyboard; name = Base; path = Base.lproj/LaunchScreen.storyboard; sourceTree = "<group>"; };
		9C6D161B1B769EC200F07C23 /* Info.plist */ = {isa = PBXFileReference; lastKnownFileType = text.plist.xml; path = Info.plist; sourceTree = "<group>"; };
/* End PBXFileReference section */

/* Begin PBXFrameworksBuildPhase section */
		9C6D16041B769EC200F07C23 /* Frameworks */ = {
			isa = PBXFrameworksBuildPhase;
			buildActionMask = 2147483647;
			files = (
			);
			runOnlyForDeploymentPostprocessing = 0;
		};
/* End PBXFrameworksBuildPhase section */

/* Begin PBXGroup section */
		9C6D15FE1B769EC200F07C23 = {
			isa = PBXGroup;
			children = (
				9C6D16091B769EC200F07C23 /* Capture */,
				9C6D16081B769EC200F07C23 /* Products */,
			);
			sourceTree = "<group>";
		};
		9C6D16081B769EC200F07C23 /* Products */ = {
			isa = PBXGroup;
			children = (
				9C6D16071B769EC200F07C23 /* Capture.app */,
			);
			name = Products;
			sourceTree = "<group>";
		};
		9C6D16091B769EC200F07C23 /* Capture */ = {
			isa = PBXGroup;
			children = (
				9C6D160D1B769EC200F07C23 /* AppDelegate.h */,
				9C6D160E1B769EC200F07C23 /* AppDelegate.m */,
				9C6D16101B769EC200F07C23 /* ViewController.h */,
				9C6D16111B769EC200F07C23 /* ViewController.m */,
				9C6D16131B769EC200F07C23 /* Main.storyboard */,
				9C6D16161B769EC200F07C23 /* Assets.xcassets */,
				9C6D16181B769EC200F07C23 /* LaunchScreen.storyboard */,
				9C6D161B1B769EC200F07C23 /* Info.plist */,
				9C6D160A1B769EC200F07C23 /* Supporting Files */,
			);
			path = Capture;
			sourceTree = "<group>";
		};
		9C6D160A1B769EC200F07C23 /* Supporting Files */ = {
			isa = PBXGroup;
			children = (
				9C6D160B1B769EC200F07C23 /* main.m */,
			);
			name = "Supporting Files";
			sourceTree = "<group>";
		};
/* End PBXGroup section */

/* Begin PBXNativeTarget section */
		9C6D16061B769EC200F07C23 /* Capture */ = {
			isa = PBXNativeTarget;
			buildConfigurationList = 9C6D161E1B769EC200F07C23 /* Build configuration list for PBXNativeTarget "Capture" */;
			buildPhases = (
				9C6D16031B769EC200F07C23 /* Sources */,
				9C6D16041B769EC200F07C23 /* Frameworks */,
				9C6D16051B769EC200F07C23 /* Resources */,
			);
			buildRules = (
			);
			dependencies = (
			);
			name = Capture;
			productName = Capture;
			productReference = 9C6D16071B769EC200F07C23 /* Capture.app */;
			productType = "com.apple.product-type.application";
		};
/* End PBXNativeTarget section */

/* Begin PBXProject section */
		9C6D15FF1B769EC200F07C23 /* Project object */ = {
			isa = PBXProject;
			attributes = {
				LastUpgradeCheck = 0700;
				ORGANIZATIONNAME = peytn;
				TargetAttributes = {
					9C6D16061B769EC200F07C23 = {
						CreatedOnToolsVersion = 7.0;
					};
				};
			};
			buildConfigurationList = 9C6D16021B769EC200F07C23 /* Build configuration list for PBXProject "Capture" */;
			compatibilityVersion = "Xcode 3.2";
			developmentRegion = English;
			hasScannedForEncodings = 0;
			knownRegions = (
				en,
				Base,
			);
			mainGroup = 9C6D15FE1B769EC200F07C23;
			productRefGroup = 9C6D16081B769EC200F07C23 /* Products */;
			projectDirPath = "";
			projectRoot = "";
			targets = (
				9C6D16061B769EC200F07C23 /* Capture */,
			);
		};
/* End PBXProject section */

/* Begin PBXResourcesBuildPhase section */
		9C6D16051B769EC200F07C23 /* Resources */ = {
			isa = PBXResourcesBuildPhase;
			buildActionMask = 2147483647;
			files = (
				9C6D161A1B769EC200F07C23 /* LaunchScreen.storyboard in Resources */,
				9C6D16171B769EC200F07C23 /* Assets.xcassets in Resources */,
				9C6D16151B769EC200F07C23 /* Main.storyboard in Resources */,
			);
			runOnlyForDeploymentPostprocessing = 0;
		};
/* End PBXResourcesBuildPhase section */

/* Begin PBXSourcesBuildPhase section */
		9C6D16031B769EC200F07C23 /* Sources */ = {
			isa = PBXSourcesBuildPhase;
			buildActionMask = 2147483647;
			files = (
				9C6D16121B769EC200F07C23 /* ViewController.m in Sources */,
				9C6D160F1B769EC200F07C23 /* AppDelegate.m in Sources */,
				9C6D160C1B769EC200F07C23 /* main.m in Sources */,
			);
			runOnlyForDeploymentPostprocessing = 0;
		};
/* End PBXSourcesBuildPhase section */

/* Begin PBXVariantGroup section */
		9C6D16131B769EC200F07C23 /* Main.storyboard */ = {
			isa = PBXVariantGroup;
			children = (
				9C6D16141B769EC200F07C23 /* Base */,
			);
			name = Main.storyboard;
			sourceTree = "<group>";
		};
		9C6D16181B769EC200F07C23 /* LaunchScreen.storyboard */ = {
			isa = PBXVariantGroup;
			children = (
				9C6D16191B769EC200F07C23 /* Base */,
			);
			name = LaunchScreen.storyboard;
			sourceTree = "<group>";
		};
/* End PBXVariantGroup section */

/* Begin XCBuildConfiguration section */
		9C6D161C1B769EC200F07C23 /* Debug */ = {
			isa = XCBuildConfiguration;
			buildSettings = {
				ALWAYS_SEARCH_USER_PATHS = NO;
				CLANG_CXX_LANGUAGE_STANDARD = "gnu++0x";
				CLANG_CXX_LIBRARY = "libc++";
				CLANG_ENABLE_MODULES = YES;
				CLANG_ENABLE_OBJC_ARC = YES;
				CLANG_WARN_BOOL_CONVERSION = YES;
				CLANG_WARN_CONSTANT_CONVERSION = YES;
				CLANG_WARN_DIRECT_OBJC_ISA_USAGE = YES_ERROR;
				CLANG_WARN_EMPTY_BODY = YES;
				CLANG_WARN_ENUM_CONVERSION = YES;
				CLANG_WARN_INT_CONVERSION = YES;
				CLANG_WARN_OBJC_ROOT_CLASS = YES_ERROR;
				CLANG_WARN_UNREACHABLE_CODE = YES;
				CLANG_WARN__DUPLICATE_METHOD_MATCH = YES;
				"CODE_SIGN_IDENTITY[sdk=iphoneos*]" = "iPhone Developer";
				COPY_PHASE_STRIP = NO;
				DEBUG_INFORMATION_FORMAT = dwarf;
				ENABLE_STRICT_OBJC_MSGSEND = YES;
				ENABLE_TESTABILITY = YES;
				GCC_C_LANGUAGE_STANDARD = gnu99;
				GCC_DYNAMIC_NO_PIC = NO;
				GCC_NO_COMMON_BLOCKS = YES;
				GCC_OPTIMIZATION_LEVEL = 0;
				GCC_PREPROCESSOR_DEFINITIONS = (
					"DEBUG=1",
					"$(inherited)",
				);
				GCC_WARN_64_TO_32_BIT_CONVERSION = YES;
				GCC_WARN_ABOUT_RETURN_TYPE = YES_ERROR;
				GCC_WARN_UNDECLARED_SELECTOR = YES;
				GCC_WARN_UNINITIALIZED_AUTOS = YES_AGGRESSIVE;
				GCC_WARN_UNUSED_FUNCTION = YES;
				GCC_WARN_UNUSED_VARIABLE = YES;
				IPHONEOS_DEPLOYMENT_TARGET = 9.0;
				MTL_ENABLE_DEBUG_INFO = YES;
				ONLY_ACTIVE_ARCH = YES;
				SDKROOT = iphoneos;
			};
			name = Debug;
		};
		9C6D161D1B769EC200F07C23 /* Release */ = {
			isa = XCBuildConfiguration;
			buildSettings = {
				ALWAYS_SEARCH_USER_PATHS = NO;
				CLANG_CXX_LANGUAGE_STANDARD = "gnu++0x";
				CLANG_CXX_LIBRARY = "libc++";
				CLANG_ENABLE_MODULES = YES;
				CLANG_ENABLE_OBJC_ARC = YES;
				CLANG_WARN_BOOL_CONVERSION = YES;
				CLANG_WARN_CONSTANT_CONVERSION = YES;
				CLANG_WARN_DIRECT_OBJC_ISA_USAGE = YES_ERROR;
				CLANG_WARN_EMPTY_BODY = YES;
				CLANG_WARN_ENUM_CONVERSION = YES;
				CLANG_WARN_INT_CONVERSION = YES;
				CLANG_WARN_OBJC_ROOT_CLASS = YES_ERROR;
				CLANG_WARN_UNREACHABLE_CODE = YES;
				CLANG_WARN__DUPLICATE_METHOD_MATCH = YES;
				"CODE_SIGN_IDENTITY[sdk=iphoneos*]" = "iPhone Developer";
				COPY_PHASE_STRIP = NO;
				DEBUG_INFORMATION_FORMAT = "dwarf-with-dsym";
				ENABLE_NS_ASSERTIONS = NO;
				ENABLE_STRICT_OBJC_MSGSEND = YES;
				GCC_C_LANGUAGE_STANDARD = gnu99;
				GCC_NO_COMMON_BLOCKS = YES;
				GCC_WARN_64_TO_32_BIT_CONVERSION = YES;
				GCC_WARN_ABOUT_RETURN_TYPE = YES_ERROR;
				GCC_WARN_UNDECLARED_SELECTOR = YES;
				GCC_WARN_UNINITIALIZED_AUTOS = YES_AGGRESSIVE;
				GCC_WARN_UNUSED_FUNCTION = YES;
				GCC_WARN_UNUSED_VARIABLE = YES;
				IPHONEOS_DEPLOYMENT_TARGET = 9.0;
				MTL_ENABLE_DEBUG_INFO = NO;
				SDKROOT = iphoneos;
				VALIDATE_PRODUCT = YES;
			};
			name = Release;
		};
		9C6D161F1B769EC200F07C23 /* Debug */ = {
			isa = XCBuildConfiguration;
			buildSettings = {
				ASSETCATALOG_COMPILER_APPICON_NAME = AppIcon;
				INFOPLIST_FILE = Capture/Info.plist;
				LD_RUNPATH_SEARCH_PATHS = "$(inherited) @executable_path/Frameworks";
				PRODUCT_BUNDLE_IDENTIFIER = com.peytn.Capture;
				PRODUCT_NAME = "$(TARGET_NAME)";
			};
			name = Debug;
		};
		9C6D16201B769EC200F07C23 /* Release */ = {
			isa = XCBuildConfiguration;
			buildSettings = {
				ASSETCATALOG_COMPILER_APPICON_NAME = AppIcon;
				INFOPLIST_FILE = Capture/Info.plist;
				LD_RUNPATH_SEARCH_PATHS = "$(inherited) @executable_path/Frameworks";
				PRODUCT_BUNDLE_IDENTIFIER = com.peytn.Capture;
				PRODUCT_NAME = "$(TARGET_NAME)";
			};
			name = Release;
		};
/* End XCBuildConfiguration section */

/* Begin XCConfigurationList section */
		9C6D16021B769EC200F07C23 /* Build configuration list for PBXProject "Capture" */ = {
			isa = XCConfigurationList;
			buildConfigurations = (
				9C6D161C1B769EC200F07C23 /* Debug */,
				9C6D161D1B769EC200F07C23 /* Release */,
			);
			defaultConfigurationIsVisible = 0;
			defaultConfigurationName = Release;
		};
		9C6D161E1B769EC200F07C23 /* Build configuration list for PBXNativeTarget "Capture" */ = {
			isa = XCConfigurationList;
			buildConfigurations = (
				9C6D161F1B769EC200F07C23 /* Debug */,
				9C6D16201B769EC200F07C23 /* Release */,
			);
			defaultConfigurationIsVisible = 0;
			defaultConfigurationName = Release;
		};
/* End XCConfigurationList section */
	};
	rootObject = 9C6D15FF1B769EC200F07C23 /* Project object */;
}
